
Microsoft Visual Studio Solution File, Format Version 9.00
# Visual C++ Express 2005
Project("{8BC9CEB8-8B4A-11D0-8D11-00A0C91BC942}") = "cppunit", "..\src\cppunit\cppunit.vcproj", "{73A60A96-0AE7-4BC5-ADF3-EA19894AE0F8}"
EndProject
Project("{8BC9CEB8-8B4A-11D0-8D11-00A0C91BC942}") = "money", "money\money.vcproj", "{671F57AD-CEEA-4C4D-B362-CACAA2E2B897}"
	ProjectSection(ProjectDependencies) = postProject
		{73A60A96-0AE7-4BC5-ADF3-EA19894AE0F8} = {73A60A96-0AE7-4BC5-ADF3-EA19894AE0F8}
	EndProjectSection
EndProject
Global
	GlobalSection(SolutionConfigurationPlatforms) = preSolution
		CodeCoverage|Win32 = CodeCoverage|Win32
	EndGlobalSection
	GlobalSection(ProjectConfigurationPlatforms) = postSolution
		{73A60A96-0AE7-4BC5-ADF3-EA19894AE0F8}.CodeCoverage|Win32.ActiveCfg = CodeCoverage|Win32
		{73A60A96-0AE7-4BC5-ADF3-EA19894AE0F8}.CodeCoverage|Win32.Build.0 = CodeCoverage|Win32
		{671F57AD-CEEA-4C4D-B362-CACAA2E2B897}.CodeCoverage|Win32.ActiveCfg = CodeCoverage|Win32
		{671F57AD-CEEA-4C4D-B362-CACAA2E2B897}.CodeCoverage|Win32.Build.0 = CodeCoverage|Win32
	EndGlobalSection
	GlobalSection(SolutionProperties) = preSolution
		HideSolutionNode = FALSE
	EndGlobalSection
EndGlobal
